
Microsoft Visual Studio Solution File, Format Version 12.00
# Visual Studio Version 16
VisualStudioVersion = 16.0.29728.190
MinimumVisualStudioVersion = 10.0.40219.1
Project("{9A19103F-16F7-4668-BE54-9A1E7A4F7556}") = "google-vision", "google-vision.csproj", "{D3CFF774-E722-421F-B647-07000CAF8E64}"
EndProject
Global
	GlobalSection(SolutionConfigurationPlatforms) = preSolution
		Debug|Any CPU = Debug|Any CPU
		Release|Any CPU = Release|Any CPU
	EndGlobalSection
	GlobalSection(ProjectConfigurationPlatforms) = postSolution
		{D3CFF774-E722-421F-B647-07000CAF8E64}.Debug|Any CPU.ActiveCfg = Debug|Any CPU
		{D3CFF774-E722-421F-B647-07000CAF8E64}.Debug|Any CPU.Build.0 = Debug|Any CPU
		{D3CFF774-E722-421F-B647-07000CAF8E64}.Release|Any CPU.ActiveCfg = Release|Any CPU
		{D3CFF774-E722-421F-B647-07000CAF8E64}.Release|Any CPU.Build.0 = Release|Any CPU
	EndGlobalSection
	GlobalSection(SolutionProperties) = preSolution
		HideSolutionNode = FALSE
	EndGlobalSection
	GlobalSection(ExtensibilityGlobals) = postSolution
		SolutionGuid = {2244E772-C6D7-4297-BB4C-9CD954B72D34}
	EndGlobalSection
EndGlobal
